{
  "name": "homepage",
  "version": "1.0.0",
  "lockfileVersion": 3,
  "requires": true,
  "packages": {
    "": {
      "name": "homepage",
      "version": "1.0.0",
      "license": "ISC",
      "dependencies": {
        "beat-beat-js": "^0.0.0"
      }
    },
    "node_modules/beat-beat-js": {
      "version": "0.0.0",
      "resolved": "https://registry.npmjs.org/beat-beat-js/-/beat-beat-js-0.0.0.tgz",
      "integrity": "sha512-v6vqn3rLj5ArKrDWRqLkMdouvAESmnucqRqA96rnExnI26HJdcVFYwmtUvadOYcSRghNHYxDyYfTMVK3lhJT7w==",
      "license": "ISC"
    }
  }
}
